// !$*UTF8*$!
{
	archiveVersion = 1;
	classes = {
	};
	objectVersion = 56;
	objects = {

/* Begin PBXBuildFile section */
		6E14AAC6295AFBB300AD54FD /* DiscoverVC.swift in Sources */ = {isa = PBXBuildFile; fileRef = 6E14AAC5295AFBB300AD54FD /* DiscoverVC.swift */; };
		6E14AAC8295AFBD000AD54FD /* FilterVC.swift in Sources */ = {isa = PBXBuildFile; fileRef = 6E14AAC7295AFBD000AD54FD /* FilterVC.swift */; };
		6E14AACA295AFC5700AD54FD /* SettingsVC.swift in Sources */ = {isa = PBXBuildFile; fileRef = 6E14AAC9295AFC5700AD54FD /* SettingsVC.swift */; };
		6E5B6F54295776FE000E04E2 /* GoogleService-Info.plist in Resources */ = {isa = PBXBuildFile; fileRef = 6E5B6F53295776FD000E04E2 /* GoogleService-Info.plist */; };
		6E5B6F57295777BE000E04E2 /* FirebaseAnalytics in Frameworks */ = {isa = PBXBuildFile; productRef = 6E5B6F56295777BE000E04E2 /* FirebaseAnalytics */; };
		6E5B6F59295777BE000E04E2 /* FirebaseAuth in Frameworks */ = {isa = PBXBuildFile; productRef = 6E5B6F58295777BE000E04E2 /* FirebaseAuth */; };
		6E5B6F5B295777BE000E04E2 /* FirebaseAuthCombine-Community in Frameworks */ = {isa = PBXBuildFile; productRef = 6E5B6F5A295777BE000E04E2 /* FirebaseAuthCombine-Community */; };
		6E5B6F5D295777BE000E04E2 /* FirebaseDatabase in Frameworks */ = {isa = PBXBuildFile; productRef = 6E5B6F5C295777BE000E04E2 /* FirebaseDatabase */; };
		6E5B6F5F295777BE000E04E2 /* FirebaseFirestore in Frameworks */ = {isa = PBXBuildFile; productRef = 6E5B6F5E295777BE000E04E2 /* FirebaseFirestore */; };
		6E5B6F61295777BE000E04E2 /* FirebaseStorage in Frameworks */ = {isa = PBXBuildFile; productRef = 6E5B6F60295777BE000E04E2 /* FirebaseStorage */; };
		6E5B6F632957815C000E04E2 /* User.swift in Sources */ = {isa = PBXBuildFile; fileRef = 6E5B6F622957815C000E04E2 /* User.swift */; };
		6E5B6F662957831D000E04E2 /* Function.swift in Sources */ = {isa = PBXBuildFile; fileRef = 6E5B6F652957831D000E04E2 /* Function.swift */; };
		6E7290AA295B32D7003218AF /* TableViewController.swift in Sources */ = {isa = PBXBuildFile; fileRef = 6E7290A9295B32D7003218AF /* TableViewController.swift */; };
		6E7C9408295435020027DA21 /* LoginVC.swift in Sources */ = {isa = PBXBuildFile; fileRef = 6E7C9407295435020027DA21 /* LoginVC.swift */; };
		6E9B7D3F2953829D003DFF20 /* AppDelegate.swift in Sources */ = {isa = PBXBuildFile; fileRef = 6E9B7D3E2953829D003DFF20 /* AppDelegate.swift */; };
		6E9B7D412953829D003DFF20 /* SceneDelegate.swift in Sources */ = {isa = PBXBuildFile; fileRef = 6E9B7D402953829D003DFF20 /* SceneDelegate.swift */; };
		6E9B7D462953829D003DFF20 /* Main.storyboard in Resources */ = {isa = PBXBuildFile; fileRef = 6E9B7D442953829D003DFF20 /* Main.storyboard */; };
		6E9B7D482953829E003DFF20 /* Assets.xcassets in Resources */ = {isa = PBXBuildFile; fileRef = 6E9B7D472953829E003DFF20 /* Assets.xcassets */; };
		6E9B7D4B2953829E003DFF20 /* LaunchScreen.storyboard in Resources */ = {isa = PBXBuildFile; fileRef = 6E9B7D492953829E003DFF20 /* LaunchScreen.storyboard */; };
		6E9B7D53295382DE003DFF20 /* FaceNode.swift in Sources */ = {isa = PBXBuildFile; fileRef = 6E9B7D52295382DE003DFF20 /* FaceNode.swift */; };
/* End PBXBuildFile section */

/* Begin PBXFileReference section */
		6E14AAC5295AFBB300AD54FD /* DiscoverVC.swift */ = {isa = PBXFileReference; lastKnownFileType = sourcecode.swift; path = DiscoverVC.swift; sourceTree = "<group>"; };
		6E14AAC7295AFBD000AD54FD /* FilterVC.swift */ = {isa = PBXFileReference; lastKnownFileType = sourcecode.swift; path = FilterVC.swift; sourceTree = "<group>"; };
		6E14AAC9295AFC5700AD54FD /* SettingsVC.swift */ = {isa = PBXFileReference; lastKnownFileType = sourcecode.swift; path = SettingsVC.swift; sourceTree = "<group>"; };
		6E5B6F53295776FD000E04E2 /* GoogleService-Info.plist */ = {isa = PBXFileReference; fileEncoding = 4; lastKnownFileType = text.plist.xml; path = "GoogleService-Info.plist"; sourceTree = "<group>"; };
		6E5B6F622957815C000E04E2 /* User.swift */ = {isa = PBXFileReference; lastKnownFileType = sourcecode.swift; path = User.swift; sourceTree = "<group>"; };
		6E5B6F652957831D000E04E2 /* Function.swift */ = {isa = PBXFileReference; lastKnownFileType = sourcecode.swift; path = Function.swift; sourceTree = "<group>"; };
		6E7290A9295B32D7003218AF /* TableViewController.swift */ = {isa = PBXFileReference; lastKnownFileType = sourcecode.swift; path = TableViewController.swift; sourceTree = "<group>"; };
		6E7C9407295435020027DA21 /* LoginVC.swift */ = {isa = PBXFileReference; lastKnownFileType = sourcecode.swift; path = LoginVC.swift; sourceTree = "<group>"; };
		6E9B7D3B2953829D003DFF20 /* ArkitFaceStoryFilterSwift.app */ = {isa = PBXFileReference; explicitFileType = wrapper.application; includeInIndex = 0; path = ArkitFaceStoryFilterSwift.app; sourceTree = BUILT_PRODUCTS_DIR; };
		6E9B7D3E2953829D003DFF20 /* AppDelegate.swift */ = {isa = PBXFileReference; lastKnownFileType = sourcecode.swift; path = AppDelegate.swift; sourceTree = "<group>"; };
		6E9B7D402953829D003DFF20 /* SceneDelegate.swift */ = {isa = PBXFileReference; lastKnownFileType = sourcecode.swift; path = SceneDelegate.swift; sourceTree = "<group>"; };
		6E9B7D452953829D003DFF20 /* Base */ = {isa = PBXFileReference; lastKnownFileType = file.storyboard; name = Base; path = Base.lproj/Main.storyboard; sourceTree = "<group>"; };
		6E9B7D472953829E003DFF20 /* Assets.xcassets */ = {isa = PBXFileReference; lastKnownFileType = folder.assetcatalog; path = Assets.xcassets; sourceTree = "<group>"; };
		6E9B7D4A2953829E003DFF20 /* Base */ = {isa = PBXFileReference; lastKnownFileType = file.storyboard; name = Base; path = Base.lproj/LaunchScreen.storyboard; sourceTree = "<group>"; };
		6E9B7D4C2953829E003DFF20 /* Info.plist */ = {isa = PBXFileReference; lastKnownFileType = text.plist.xml; path = Info.plist; sourceTree = "<group>"; };
		6E9B7D52295382DE003DFF20 /* FaceNode.swift */ = {isa = PBXFileReference; lastKnownFileType = sourcecode.swift; path = FaceNode.swift; sourceTree = "<group>"; };
/* End PBXFileReference section */

/* Begin PBXFrameworksBuildPhase section */
		6E9B7D382953829D003DFF20 /* Frameworks */ = {
			isa = PBXFrameworksBuildPhase;
			buildActionMask = 2147483647;
			files = (
				6E5B6F57295777BE000E04E2 /* FirebaseAnalytics in Frameworks */,
				6E5B6F5B295777BE000E04E2 /* FirebaseAuthCombine-Community in Frameworks */,
				6E5B6F5D295777BE000E04E2 /* FirebaseDatabase in Frameworks */,
				6E5B6F5F295777BE000E04E2 /* FirebaseFirestore in Frameworks */,
				6E5B6F59295777BE000E04E2 /* FirebaseAuth in Frameworks */,
				6E5B6F61295777BE000E04E2 /* FirebaseStorage in Frameworks */,
			);
			runOnlyForDeploymentPostprocessing = 0;
		};
/* End PBXFrameworksBuildPhase section */

/* Begin PBXGroup section */
		6E14AAC3295AF82E00AD54FD /* Service */ = {
			isa = PBXGroup;
			children = (
			);
			path = Service;
			sourceTree = "<group>";
		};
		6E14AAC4295AF83600AD54FD /* ViewModel */ = {
			isa = PBXGroup;
			children = (
			);
			path = ViewModel;
			sourceTree = "<group>";
		};
		6E5B6F64295782DB000E04E2 /* OtherFunc */ = {
			isa = PBXGroup;
			children = (
				6E5B6F652957831D000E04E2 /* Function.swift */,
			);
			path = OtherFunc;
			sourceTree = "<group>";
		};
		6E7C9403295434240027DA21 /* Model */ = {
			isa = PBXGroup;
			children = (
				6E5B6F622957815C000E04E2 /* User.swift */,
			);
			path = Model;
			sourceTree = "<group>";
		};
		6E7C94042954342B0027DA21 /* View */ = {
			isa = PBXGroup;
			children = (
				6E9B7D52295382DE003DFF20 /* FaceNode.swift */,
				6E9B7D3E2953829D003DFF20 /* AppDelegate.swift */,
				6E9B7D402953829D003DFF20 /* SceneDelegate.swift */,
				6E7C9407295435020027DA21 /* LoginVC.swift */,
				6E14AAC5295AFBB300AD54FD /* DiscoverVC.swift */,
				6E14AAC7295AFBD000AD54FD /* FilterVC.swift */,
				6E14AAC9295AFC5700AD54FD /* SettingsVC.swift */,
				6E7290A9295B32D7003218AF /* TableViewController.swift */,
			);
			path = View;
			sourceTree = "<group>";
		};
		6E9B7D322953829D003DFF20 = {
			isa = PBXGroup;
			children = (
				6E9B7D3D2953829D003DFF20 /* ArkitFaceStoryFilterSwift */,
				6E9B7D3C2953829D003DFF20 /* Products */,
			);
			sourceTree = "<group>";
		};
		6E9B7D3C2953829D003DFF20 /* Products */ = {
			isa = PBXGroup;
			children = (
				6E9B7D3B2953829D003DFF20 /* ArkitFaceStoryFilterSwift.app */,
			);
			name = Products;
			sourceTree = "<group>";
		};
		6E9B7D3D2953829D003DFF20 /* ArkitFaceStoryFilterSwift */ = {
			isa = PBXGroup;
			children = (
				6E14AAC4295AF83600AD54FD /* ViewModel */,
				6E14AAC3295AF82E00AD54FD /* Service */,
				6E5B6F64295782DB000E04E2 /* OtherFunc */,
				6E7C9403295434240027DA21 /* Model */,
				6E7C94042954342B0027DA21 /* View */,
				6E9B7D442953829D003DFF20 /* Main.storyboard */,
				6E5B6F53295776FD000E04E2 /* GoogleService-Info.plist */,
				6E9B7D472953829E003DFF20 /* Assets.xcassets */,
				6E9B7D492953829E003DFF20 /* LaunchScreen.storyboard */,
				6E9B7D4C2953829E003DFF20 /* Info.plist */,
			);
			path = ArkitFaceStoryFilterSwift;
			sourceTree = "<group>";
		};
/* End PBXGroup section */

/* Begin PBXNativeTarget section */
		6E9B7D3A2953829D003DFF20 /* ArkitFaceStoryFilterSwift */ = {
			isa = PBXNativeTarget;
			buildConfigurationList = 6E9B7D4F2953829E003DFF20 /* Build configuration list for PBXNativeTarget "ArkitFaceStoryFilterSwift" */;
			buildPhases = (
				6E9B7D372953829D003DFF20 /* Sources */,
				6E9B7D382953829D003DFF20 /* Frameworks */,
				6E9B7D392953829D003DFF20 /* Resources */,
			);
			buildRules = (
			);
			dependencies = (
			);
			name = ArkitFaceStoryFilterSwift;
			packageProductDependencies = (
				6E5B6F56295777BE000E04E2 /* FirebaseAnalytics */,
				6E5B6F58295777BE000E04E2 /* FirebaseAuth */,
				6E5B6F5A295777BE000E04E2 /* FirebaseAuthCombine-Community */,
				6E5B6F5C295777BE000E04E2 /* FirebaseDatabase */,
				6E5B6F5E295777BE000E04E2 /* FirebaseFirestore */,
				6E5B6F60295777BE000E04E2 /* FirebaseStorage */,
			);
			productName = ArkitFaceStoryFilterSwift;
			productReference = 6E9B7D3B2953829D003DFF20 /* ArkitFaceStoryFilterSwift.app */;
			productType = "com.apple.product-type.application";
		};
/* End PBXNativeTarget section */

/* Begin PBXProject section */
		6E9B7D332953829D003DFF20 /* Project object */ = {
			isa = PBXProject;
			attributes = {
				BuildIndependentTargetsInParallel = 1;
				LastSwiftUpdateCheck = 1420;
				LastUpgradeCheck = 1420;
				TargetAttributes = {
					6E9B7D3A2953829D003DFF20 = {
						CreatedOnToolsVersion = 14.2;
					};
				};
			};
			buildConfigurationList = 6E9B7D362953829D003DFF20 /* Build configuration list for PBXProject "ArkitFaceStoryFilterSwift" */;
			compatibilityVersion = "Xcode 14.0";
			developmentRegion = en;
			hasScannedForEncodings = 0;
			knownRegions = (
				en,
				Base,
			);
			mainGroup = 6E9B7D322953829D003DFF20;
			packageReferences = (
				6E5B6F55295777BE000E04E2 /* XCRemoteSwiftPackageReference "firebase-ios-sdk" */,
			);
			productRefGroup = 6E9B7D3C2953829D003DFF20 /* Products */;
			projectDirPath = "";
			projectRoot = "";
			targets = (
				6E9B7D3A2953829D003DFF20 /* ArkitFaceStoryFilterSwift */,
			);
		};
/* End PBXProject section */

/* Begin PBXResourcesBuildPhase section */
		6E9B7D392953829D003DFF20 /* Resources */ = {
			isa = PBXResourcesBuildPhase;
			buildActionMask = 2147483647;
			files = (
				6E9B7D4B2953829E003DFF20 /* LaunchScreen.storyboard in Resources */,
				6E5B6F54295776FE000E04E2 /* GoogleService-Info.plist in Resources */,
				6E9B7D482953829E003DFF20 /* Assets.xcassets in Resources */,
				6E9B7D462953829D003DFF20 /* Main.storyboard in Resources */,
			);
			runOnlyForDeploymentPostprocessing = 0;
		};
/* End PBXResourcesBuildPhase section */

/* Begin PBXSourcesBuildPhase section */
		6E9B7D372953829D003DFF20 /* Sources */ = {
			isa = PBXSourcesBuildPhase;
			buildActionMask = 2147483647;
			files = (
				6E14AACA295AFC5700AD54FD /* SettingsVC.swift in Sources */,
				6E14AAC8295AFBD000AD54FD /* FilterVC.swift in Sources */,
				6E9B7D3F2953829D003DFF20 /* AppDelegate.swift in Sources */,
				6E7290AA295B32D7003218AF /* TableViewController.swift in Sources */,
				6E9B7D53295382DE003DFF20 /* FaceNode.swift in Sources */,
				6E9B7D412953829D003DFF20 /* SceneDelegate.swift in Sources */,
				6E7C9408295435020027DA21 /* LoginVC.swift in Sources */,
				6E5B6F632957815C000E04E2 /* User.swift in Sources */,
				6E5B6F662957831D000E04E2 /* Function.swift in Sources */,
				6E14AAC6295AFBB300AD54FD /* DiscoverVC.swift in Sources */,
			);
			runOnlyForDeploymentPostprocessing = 0;
		};
/* End PBXSourcesBuildPhase section */

/* Begin PBXVariantGroup section */
		6E9B7D442953829D003DFF20 /* Main.storyboard */ = {
			isa = PBXVariantGroup;
			children = (
				6E9B7D452953829D003DFF20 /* Base */,
			);
			name = Main.storyboard;
			sourceTree = "<group>";
		};
		6E9B7D492953829E003DFF20 /* LaunchScreen.storyboard */ = {
			isa = PBXVariantGroup;
			children = (
				6E9B7D4A2953829E003DFF20 /* Base */,
			);
			name = LaunchScreen.storyboard;
			sourceTree = "<group>";
		};
/* End PBXVariantGroup section */

/* Begin XCBuildConfiguration section */
		6E9B7D4D2953829E003DFF20 /* Debug */ = {
			isa = XCBuildConfiguration;
			buildSettings = {
				ALWAYS_SEARCH_USER_PATHS = NO;
				CLANG_ANALYZER_NONNULL = YES;
				CLANG_ANALYZER_NUMBER_OBJECT_CONVERSION = YES_AGGRESSIVE;
				CLANG_CXX_LANGUAGE_STANDARD = "gnu++20";
				CLANG_ENABLE_MODULES = YES;
				CLANG_ENABLE_OBJC_ARC = YES;
				CLANG_ENABLE_OBJC_WEAK = YES;
				CLANG_WARN_BLOCK_CAPTURE_AUTORELEASING = YES;
				CLANG_WARN_BOOL_CONVERSION = YES;
				CLANG_WARN_COMMA = YES;
				CLANG_WARN_CONSTANT_CONVERSION = YES;
				CLANG_WARN_DEPRECATED_OBJC_IMPLEMENTATIONS = YES;
				CLANG_WARN_DIRECT_OBJC_ISA_USAGE = YES_ERROR;
				CLANG_WARN_DOCUMENTATION_COMMENTS = YES;
				CLANG_WARN_EMPTY_BODY = YES;
				CLANG_WARN_ENUM_CONVERSION = YES;
				CLANG_WARN_INFINITE_RECURSION = YES;
				CLANG_WARN_INT_CONVERSION = YES;
				CLANG_WARN_NON_LITERAL_NULL_CONVERSION = YES;
				CLANG_WARN_OBJC_IMPLICIT_RETAIN_SELF = YES;
				CLANG_WARN_OBJC_LITERAL_CONVERSION = YES;
				CLANG_WARN_OBJC_ROOT_CLASS = YES_ERROR;
				CLANG_WARN_QUOTED_INCLUDE_IN_FRAMEWORK_HEADER = YES;
				CLANG_WARN_RANGE_LOOP_ANALYSIS = YES;
				CLANG_WARN_STRICT_PROTOTYPES = YES;
				CLANG_WARN_SUSPICIOUS_MOVE = YES;
				CLANG_WARN_UNGUARDED_AVAILABILITY = YES_AGGRESSIVE;
				CLANG_WARN_UNREACHABLE_CODE = YES;
				CLANG_WARN__DUPLICATE_METHOD_MATCH = YES;
				COPY_PHASE_STRIP = NO;
				DEBUG_INFORMATION_FORMAT = dwarf;
				ENABLE_STRICT_OBJC_MSGSEND = YES;
				ENABLE_TESTABILITY = YES;
				GCC_C_LANGUAGE_STANDARD = gnu11;
				GCC_DYNAMIC_NO_PIC = NO;
				GCC_NO_COMMON_BLOCKS = YES;
				GCC_OPTIMIZATION_LEVEL = 0;
				GCC_PREPROCESSOR_DEFINITIONS = (
					"DEBUG=1",
					"$(inherited)",
				);
				GCC_WARN_64_TO_32_BIT_CONVERSION = YES;
				GCC_WARN_ABOUT_RETURN_TYPE = YES_ERROR;
				GCC_WARN_UNDECLARED_SELECTOR = YES;
				GCC_WARN_UNINITIALIZED_AUTOS = YES_AGGRESSIVE;
				GCC_WARN_UNUSED_FUNCTION = YES;
				GCC_WARN_UNUSED_VARIABLE = YES;
				IPHONEOS_DEPLOYMENT_TARGET = 16.2;
				MTL_ENABLE_DEBUG_INFO = INCLUDE_SOURCE;
				MTL_FAST_MATH = YES;
				ONLY_ACTIVE_ARCH = YES;
				SDKROOT = iphoneos;
				SWIFT_ACTIVE_COMPILATION_CONDITIONS = DEBUG;
				SWIFT_OPTIMIZATION_LEVEL = "-Onone";
			};
			name = Debug;
		};
		6E9B7D4E2953829E003DFF20 /* Release */ = {
			isa = XCBuildConfiguration;
			buildSettings = {
				ALWAYS_SEARCH_USER_PATHS = NO;
				CLANG_ANALYZER_NONNULL = YES;
				CLANG_ANALYZER_NUMBER_OBJECT_CONVERSION = YES_AGGRESSIVE;
				CLANG_CXX_LANGUAGE_STANDARD = "gnu++20";
				CLANG_ENABLE_MODULES = YES;
				CLANG_ENABLE_OBJC_ARC = YES;
				CLANG_ENABLE_OBJC_WEAK = YES;
				CLANG_WARN_BLOCK_CAPTURE_AUTORELEASING = YES;
				CLANG_WARN_BOOL_CONVERSION = YES;
				CLANG_WARN_COMMA = YES;
				CLANG_WARN_CONSTANT_CONVERSION = YES;
				CLANG_WARN_DEPRECATED_OBJC_IMPLEMENTATIONS = YES;
				CLANG_WARN_DIRECT_OBJC_ISA_USAGE = YES_ERROR;
				CLANG_WARN_DOCUMENTATION_COMMENTS = YES;
				CLANG_WARN_EMPTY_BODY = YES;
				CLANG_WARN_ENUM_CONVERSION = YES;
				CLANG_WARN_INFINITE_RECURSION = YES;
				CLANG_WARN_INT_CONVERSION = YES;
				CLANG_WARN_NON_LITERAL_NULL_CONVERSION = YES;
				CLANG_WARN_OBJC_IMPLICIT_RETAIN_SELF = YES;
				CLANG_WARN_OBJC_LITERAL_CONVERSION = YES;
				CLANG_WARN_OBJC_ROOT_CLASS = YES_ERROR;
				CLANG_WARN_QUOTED_INCLUDE_IN_FRAMEWORK_HEADER = YES;
				CLANG_WARN_RANGE_LOOP_ANALYSIS = YES;
				CLANG_WARN_STRICT_PROTOTYPES = YES;
				CLANG_WARN_SUSPICIOUS_MOVE = YES;
				CLANG_WARN_UNGUARDED_AVAILABILITY = YES_AGGRESSIVE;
				CLANG_WARN_UNREACHABLE_CODE = YES;
				CLANG_WARN__DUPLICATE_METHOD_MATCH = YES;
				COPY_PHASE_STRIP = NO;
				DEBUG_INFORMATION_FORMAT = "dwarf-with-dsym";
				ENABLE_NS_ASSERTIONS = NO;
				ENABLE_STRICT_OBJC_MSGSEND = YES;
				GCC_C_LANGUAGE_STANDARD = gnu11;
				GCC_NO_COMMON_BLOCKS = YES;
				GCC_WARN_64_TO_32_BIT_CONVERSION = YES;
				GCC_WARN_ABOUT_RETURN_TYPE = YES_ERROR;
				GCC_WARN_UNDECLARED_SELECTOR = YES;
				GCC_WARN_UNINITIALIZED_AUTOS = YES_AGGRESSIVE;
				GCC_WARN_UNUSED_FUNCTION = YES;
				GCC_WARN_UNUSED_VARIABLE = YES;
				IPHONEOS_DEPLOYMENT_TARGET = 16.2;
				MTL_ENABLE_DEBUG_INFO = NO;
				MTL_FAST_MATH = YES;
				SDKROOT = iphoneos;
				SWIFT_COMPILATION_MODE = wholemodule;
				SWIFT_OPTIMIZATION_LEVEL = "-O";
				VALIDATE_PRODUCT = YES;
			};
			name = Release;
		};
		6E9B7D502953829E003DFF20 /* Debug */ = {
			isa = XCBuildConfiguration;
			buildSettings = {
				ASSETCATALOG_COMPILER_APPICON_NAME = AppIcon;
				ASSETCATALOG_COMPILER_GLOBAL_ACCENT_COLOR_NAME = AccentColor;
				CODE_SIGN_STYLE = Automatic;
				CURRENT_PROJECT_VERSION = 1;
				DEVELOPMENT_TEAM = 6RYG55F8TD;
				GENERATE_INFOPLIST_FILE = YES;
				INFOPLIST_FILE = ArkitFaceStoryFilterSwift/Info.plist;
				INFOPLIST_KEY_LSApplicationCategoryType = "";
				INFOPLIST_KEY_NSCameraUsageDescription = test;
				INFOPLIST_KEY_UIApplicationSupportsIndirectInputEvents = YES;
				INFOPLIST_KEY_UILaunchStoryboardName = LaunchScreen;
				INFOPLIST_KEY_UIMainStoryboardFile = Main;
				INFOPLIST_KEY_UISupportedInterfaceOrientations_iPad = "UIInterfaceOrientationPortrait UIInterfaceOrientationPortraitUpsideDown UIInterfaceOrientationLandscapeLeft UIInterfaceOrientationLandscapeRight";
				INFOPLIST_KEY_UISupportedInterfaceOrientations_iPhone = "UIInterfaceOrientationPortrait UIInterfaceOrientationLandscapeLeft UIInterfaceOrientationLandscapeRight";
				LD_RUNPATH_SEARCH_PATHS = (
					"$(inherited)",
					"@executable_path/Frameworks",
				);
				MARKETING_VERSION = 1.0;
				PRODUCT_BUNDLE_IDENTIFIER = kenanbylan.ArkitFaceStoryFilterSwift;
				PRODUCT_NAME = "$(TARGET_NAME)";
				SWIFT_EMIT_LOC_STRINGS = YES;
				SWIFT_VERSION = 5.0;
				TARGETED_DEVICE_FAMILY = "1,2";
			};
			name = Debug;
		};
		6E9B7D512953829E003DFF20 /* Release */ = {
			isa = XCBuildConfiguration;
			buildSettings = {
				ASSETCATALOG_COMPILER_APPICON_NAME = AppIcon;
				ASSETCATALOG_COMPILER_GLOBAL_ACCENT_COLOR_NAME = AccentColor;
				CODE_SIGN_STYLE = Automatic;
				CURRENT_PROJECT_VERSION = 1;
				DEVELOPMENT_TEAM = 6RYG55F8TD;
				GENERATE_INFOPLIST_FILE = YES;
				INFOPLIST_FILE = ArkitFaceStoryFilterSwift/Info.plist;
				INFOPLIST_KEY_LSApplicationCategoryType = "";
				INFOPLIST_KEY_NSCameraUsageDescription = test;
				INFOPLIST_KEY_UIApplicationSupportsIndirectInputEvents = YES;
				INFOPLIST_KEY_UILaunchStoryboardName = LaunchScreen;
				INFOPLIST_KEY_UIMainStoryboardFile = Main;
				INFOPLIST_KEY_UISupportedInterfaceOrientations_iPad = "UIInterfaceOrientationPortrait UIInterfaceOrientationPortraitUpsideDown UIInterfaceOrientationLandscapeLeft UIInterfaceOrientationLandscapeRight";
				INFOPLIST_KEY_UISupportedInterfaceOrientations_iPhone = "UIInterfaceOrientationPortrait UIInterfaceOrientationLandscapeLeft UIInterfaceOrientationLandscapeRight";
				LD_RUNPATH_SEARCH_PATHS = (
					"$(inherited)",
					"@executable_path/Frameworks",
				);
				MARKETING_VERSION = 1.0;
				PRODUCT_BUNDLE_IDENTIFIER = kenanbylan.ArkitFaceStoryFilterSwift;
				PRODUCT_NAME = "$(TARGET_NAME)";
				SWIFT_EMIT_LOC_STRINGS = YES;
				SWIFT_VERSION = 5.0;
				TARGETED_DEVICE_FAMILY = "1,2";
			};
			name = Release;
		};
/* End XCBuildConfiguration section */

/* Begin XCConfigurationList section */
		6E9B7D362953829D003DFF20 /* Build configuration list for PBXProject "ArkitFaceStoryFilterSwift" */ = {
			isa = XCConfigurationList;
			buildConfigurations = (
				6E9B7D4D2953829E003DFF20 /* Debug */,
				6E9B7D4E2953829E003DFF20 /* Release */,
			);
			defaultConfigurationIsVisible = 0;
			defaultConfigurationName = Release;
		};
		6E9B7D4F2953829E003DFF20 /* Build configuration list for PBXNativeTarget "ArkitFaceStoryFilterSwift" */ = {
			isa = XCConfigurationList;
			buildConfigurations = (
				6E9B7D502953829E003DFF20 /* Debug */,
				6E9B7D512953829E003DFF20 /* Release */,
			);
			defaultConfigurationIsVisible = 0;
			defaultConfigurationName = Release;
		};
/* End XCConfigurationList section */

/* Begin XCRemoteSwiftPackageReference section */
		6E5B6F55295777BE000E04E2 /* XCRemoteSwiftPackageReference "firebase-ios-sdk" */ = {
			isa = XCRemoteSwiftPackageReference;
			repositoryURL = "https://github.com/firebase/firebase-ios-sdk";
			requirement = {
				branch = master;
				kind = branch;
			};
		};
/* End XCRemoteSwiftPackageReference section */

/* Begin XCSwiftPackageProductDependency section */
		6E5B6F56295777BE000E04E2 /* FirebaseAnalytics */ = {
			isa = XCSwiftPackageProductDependency;
			package = 6E5B6F55295777BE000E04E2 /* XCRemoteSwiftPackageReference "firebase-ios-sdk" */;
			productName = FirebaseAnalytics;
		};
		6E5B6F58295777BE000E04E2 /* FirebaseAuth */ = {
			isa = XCSwiftPackageProductDependency;
			package = 6E5B6F55295777BE000E04E2 /* XCRemoteSwiftPackageReference "firebase-ios-sdk" */;
			productName = FirebaseAuth;
		};
		6E5B6F5A295777BE000E04E2 /* FirebaseAuthCombine-Community */ = {
			isa = XCSwiftPackageProductDependency;
			package = 6E5B6F55295777BE000E04E2 /* XCRemoteSwiftPackageReference "firebase-ios-sdk" */;
			productName = "FirebaseAuthCombine-Community";
		};
		6E5B6F5C295777BE000E04E2 /* FirebaseDatabase */ = {
			isa = XCSwiftPackageProductDependency;
			package = 6E5B6F55295777BE000E04E2 /* XCRemoteSwiftPackageReference "firebase-ios-sdk" */;
			productName = FirebaseDatabase;
		};
		6E5B6F5E295777BE000E04E2 /* FirebaseFirestore */ = {
			isa = XCSwiftPackageProductDependency;
			package = 6E5B6F55295777BE000E04E2 /* XCRemoteSwiftPackageReference "firebase-ios-sdk" */;
			productName = FirebaseFirestore;
		};
		6E5B6F60295777BE000E04E2 /* FirebaseStorage */ = {
			isa = XCSwiftPackageProductDependency;
			package = 6E5B6F55295777BE000E04E2 /* XCRemoteSwiftPackageReference "firebase-ios-sdk" */;
			productName = FirebaseStorage;
		};
/* End XCSwiftPackageProductDependency section */
	};
	rootObject = 6E9B7D332953829D003DFF20 /* Project object */;
}
